
Microsoft Visual Studio Solution File, Format Version 12.00
# Visual Studio Version 16
VisualStudioVersion = 16.0.31729.503
MinimumVisualStudioVersion = 10.0.40219.1
Project("{FAE04EC0-301F-11D3-BF4B-00C04F79EFBC}") = "GetStartedDebugging", "GetStartedDebugging.csproj", "{5AD4843D-33E8-4010-A0DB-18CE56C9836C}"
EndProject
Global
	GlobalSection(SolutionConfigurationPlatforms) = preSolution
		Debug|Any CPU = Debug|Any CPU
		Release|Any CPU = Release|Any CPU
	EndGlobalSection
	GlobalSection(ProjectConfigurationPlatforms) = postSolution
		{5AD4843D-33E8-4010-A0DB-18CE56C9836C}.Debug|Any CPU.ActiveCfg = Debug|Any CPU
		{5AD4843D-33E8-4010-A0DB-18CE56C9836C}.Debug|Any CPU.Build.0 = Debug|Any CPU
		{5AD4843D-33E8-4010-A0DB-18CE56C9836C}.Release|Any CPU.ActiveCfg = Release|Any CPU
		{5AD4843D-33E8-4010-A0DB-18CE56C9836C}.Release|Any CPU.Build.0 = Release|Any CPU
	EndGlobalSection
	GlobalSection(SolutionProperties) = preSolution
		HideSolutionNode = FALSE
	EndGlobalSection
	GlobalSection(ExtensibilityGlobals) = postSolution
		SolutionGuid = {38C74A2B-587B-4230-B283-068BAE9AF7C9}
	EndGlobalSection
EndGlobal
